// !$*UTF8*$!
{
	archiveVersion = 1;
	classes = {
	};
	objectVersion = 77;
	objects = {

/* Begin PBXBuildFile section */
		A100000D2F862934003682F1 /* gingerCatShareExtension.appex in Embed App Extensions */ = {isa = PBXBuildFile; fileRef = A10000022F862934003682F1 /* gingerCatShareExtension.appex */; settings = {ATTRIBUTES = (CodeSignOnCopy, RemoveHeadersOnCopy, ); }; };
		B100000D2F862934003682F1 /* gingerCatLiveActivityWidget.appex in Embed App Extensions */ = {isa = PBXBuildFile; fileRef = B10000022F862934003682F1 /* gingerCatLiveActivityWidget.appex */; settings = {ATTRIBUTES = (CodeSignOnCopy, RemoveHeadersOnCopy, ); }; };
/* End PBXBuildFile section */

/* Begin PBXContainerItemProxy section */
		273234072F862934003682F1 /* PBXContainerItemProxy */ = {
			isa = PBXContainerItemProxy;
			containerPortal = 273233EF2F862932003682F1 /* Project object */;
			proxyType = 1;
			remoteGlobalIDString = 273233F62F862932003682F1;
			remoteInfo = gingerCat;
		};
		273234112F862934003682F1 /* PBXContainerItemProxy */ = {
			isa = PBXContainerItemProxy;
			containerPortal = 273233EF2F862932003682F1 /* Project object */;
			proxyType = 1;
			remoteGlobalIDString = 273233F62F862932003682F1;
			remoteInfo = gingerCat;
		};
		A100000A2F862934003682F1 /* PBXContainerItemProxy */ = {
			isa = PBXContainerItemProxy;
			containerPortal = 273233EF2F862932003682F1 /* Project object */;
			proxyType = 1;
			remoteGlobalIDString = A10000062F862934003682F1;
			remoteInfo = gingerCatShareExtension;
		};
		B100000A2F862934003682F1 /* PBXContainerItemProxy */ = {
			isa = PBXContainerItemProxy;
			containerPortal = 273233EF2F862932003682F1 /* Project object */;
			proxyType = 1;
			remoteGlobalIDString = B10000062F862934003682F1;
			remoteInfo = gingerCatLiveActivityWidget;
		};
/* End PBXContainerItemProxy section */

/* Begin PBXCopyFilesBuildPhase section */
		A100000C2F862934003682F1 /* Embed App Extensions */ = {
			isa = PBXCopyFilesBuildPhase;
			buildActionMask = 2147483647;
			dstPath = "";
			dstSubfolderSpec = 13;
			files = (
				A100000D2F862934003682F1 /* gingerCatShareExtension.appex in Embed App Extensions */,
				B100000D2F862934003682F1 /* gingerCatLiveActivityWidget.appex in Embed App Extensions */,
			);
			name = "Embed App Extensions";
			runOnlyForDeploymentPostprocessing = 0;
		};
/* End PBXCopyFilesBuildPhase section */

/* Begin PBXFileReference section */
		273233F72F862932003682F1 /* gingerCat.app */ = {isa = PBXFileReference; explicitFileType = wrapper.application; includeInIndex = 0; path = gingerCat.app; sourceTree = BUILT_PRODUCTS_DIR; };
		273234062F862934003682F1 /* gingerCatTests.xctest */ = {isa = PBXFileReference; explicitFileType = wrapper.cfbundle; includeInIndex = 0; path = gingerCatTests.xctest; sourceTree = BUILT_PRODUCTS_DIR; };
		273234102F862934003682F1 /* gingerCatUITests.xctest */ = {isa = PBXFileReference; explicitFileType = wrapper.cfbundle; includeInIndex = 0; path = gingerCatUITests.xctest; sourceTree = BUILT_PRODUCTS_DIR; };
		A10000022F862934003682F1 /* gingerCatShareExtension.appex */ = {isa = PBXFileReference; explicitFileType = "wrapper.app-extension"; includeInIndex = 0; path = gingerCatShareExtension.appex; sourceTree = BUILT_PRODUCTS_DIR; };
		B10000022F862934003682F1 /* gingerCatLiveActivityWidget.appex */ = {isa = PBXFileReference; explicitFileType = "wrapper.app-extension"; includeInIndex = 0; path = gingerCatLiveActivityWidget.appex; sourceTree = BUILT_PRODUCTS_DIR; };
/* End PBXFileReference section */

/* Begin PBXFileSystemSynchronizedRootGroup section */
		273233F92F862932003682F1 /* gingerCat */ = {
			isa = PBXFileSystemSynchronizedRootGroup;
			path = gingerCat;
			sourceTree = "<group>";
		};
		273234092F862934003682F1 /* gingerCatTests */ = {
			isa = PBXFileSystemSynchronizedRootGroup;
			path = gingerCatTests;
			sourceTree = "<group>";
		};
		273234132F862934003682F1 /* gingerCatUITests */ = {
			isa = PBXFileSystemSynchronizedRootGroup;
			path = gingerCatUITests;
			sourceTree = "<group>";
		};
		A10000012F862934003682F1 /* gingerCatShareExtension */ = {
			isa = PBXFileSystemSynchronizedRootGroup;
			path = gingerCatShareExtension;
			sourceTree = "<group>";
		};
		B10000012F862934003682F1 /* gingerCatLiveActivityWidget */ = {
			isa = PBXFileSystemSynchronizedRootGroup;
			path = gingerCatLiveActivityWidget;
			sourceTree = "<group>";
		};
/* End PBXFileSystemSynchronizedRootGroup section */

/* Begin PBXFrameworksBuildPhase section */
		273233F42F862932003682F1 /* Frameworks */ = {
			isa = PBXFrameworksBuildPhase;
			buildActionMask = 2147483647;
			files = (
			);
			runOnlyForDeploymentPostprocessing = 0;
		};
		273234032F862934003682F1 /* Frameworks */ = {
			isa = PBXFrameworksBuildPhase;
			buildActionMask = 2147483647;
			files = (
			);
			runOnlyForDeploymentPostprocessing = 0;
		};
		2732340D2F862934003682F1 /* Frameworks */ = {
			isa = PBXFrameworksBuildPhase;
			buildActionMask = 2147483647;
			files = (
			);
			runOnlyForDeploymentPostprocessing = 0;
		};
		A10000032F862934003682F1 /* Frameworks */ = {
			isa = PBXFrameworksBuildPhase;
			buildActionMask = 2147483647;
			files = (
			);
			runOnlyForDeploymentPostprocessing = 0;
		};
		B10000032F862934003682F1 /* Frameworks */ = {
			isa = PBXFrameworksBuildPhase;
			buildActionMask = 2147483647;
			files = (
			);
			runOnlyForDeploymentPostprocessing = 0;
		};
/* End PBXFrameworksBuildPhase section */

/* Begin PBXGroup section */
		273233EE2F862932003682F1 = {
			isa = PBXGroup;
			children = (
				273233F92F862932003682F1 /* gingerCat */,
				273234092F862934003682F1 /* gingerCatTests */,
				273234132F862934003682F1 /* gingerCatUITests */,
				A10000012F862934003682F1 /* gingerCatShareExtension */,
				B10000012F862934003682F1 /* gingerCatLiveActivityWidget */,
				273233F82F862932003682F1 /* Products */,
			);
			sourceTree = "<group>";
		};
		273233F82F862932003682F1 /* Products */ = {
			isa = PBXGroup;
			children = (
				273233F72F862932003682F1 /* gingerCat.app */,
				273234062F862934003682F1 /* gingerCatTests.xctest */,
				273234102F862934003682F1 /* gingerCatUITests.xctest */,
				A10000022F862934003682F1 /* gingerCatShareExtension.appex */,
				B10000022F862934003682F1 /* gingerCatLiveActivityWidget.appex */,
			);
			name = Products;
			sourceTree = "<group>";
		};
/* End PBXGroup section */

/* Begin PBXNativeTarget section */
		273233F62F862932003682F1 /* gingerCat */ = {
			isa = PBXNativeTarget;
			buildConfigurationList = 2732341A2F862934003682F1 /* Build configuration list for PBXNativeTarget "gingerCat" */;
			buildPhases = (
				273233F32F862932003682F1 /* Sources */,
				273233F42F862932003682F1 /* Frameworks */,
				273233F52F862932003682F1 /* Resources */,
				A100000C2F862934003682F1 /* Embed App Extensions */,
			);
			buildRules = (
			);
			dependencies = (
				A100000B2F862934003682F1 /* PBXTargetDependency */,
				B100000B2F862934003682F1 /* PBXTargetDependency */,
			);
			fileSystemSynchronizedGroups = (
				273233F92F862932003682F1 /* gingerCat */,
			);
			name = gingerCat;
			packageProductDependencies = (
			);
			productName = gingerCat;
			productReference = 273233F72F862932003682F1 /* gingerCat.app */;
			productType = "com.apple.product-type.application";
		};
		273234052F862934003682F1 /* gingerCatTests */ = {
			isa = PBXNativeTarget;
			buildConfigurationList = 2732341D2F862934003682F1 /* Build configuration list for PBXNativeTarget "gingerCatTests" */;
			buildPhases = (
				273234022F862934003682F1 /* Sources */,
				273234032F862934003682F1 /* Frameworks */,
				273234042F862934003682F1 /* Resources */,
			);
			buildRules = (
			);
			dependencies = (
				273234082F862934003682F1 /* PBXTargetDependency */,
			);
			fileSystemSynchronizedGroups = (
				273234092F862934003682F1 /* gingerCatTests */,
			);
			name = gingerCatTests;
			packageProductDependencies = (
			);
			productName = gingerCatTests;
			productReference = 273234062F862934003682F1 /* gingerCatTests.xctest */;
			productType = "com.apple.product-type.bundle.unit-test";
		};
		2732340F2F862934003682F1 /* gingerCatUITests */ = {
			isa = PBXNativeTarget;
			buildConfigurationList = 273234202F862934003682F1 /* Build configuration list for PBXNativeTarget "gingerCatUITests" */;
			buildPhases = (
				2732340C2F862934003682F1 /* Sources */,
				2732340D2F862934003682F1 /* Frameworks */,
				2732340E2F862934003682F1 /* Resources */,
			);
			buildRules = (
			);
			dependencies = (
				273234122F862934003682F1 /* PBXTargetDependency */,
			);
			fileSystemSynchronizedGroups = (
				273234132F862934003682F1 /* gingerCatUITests */,
			);
			name = gingerCatUITests;
			packageProductDependencies = (
			);
			productName = gingerCatUITests;
			productReference = 273234102F862934003682F1 /* gingerCatUITests.xctest */;
			productType = "com.apple.product-type.bundle.ui-testing";
		};
		A10000062F862934003682F1 /* gingerCatShareExtension */ = {
			isa = PBXNativeTarget;
			buildConfigurationList = A10000072F862934003682F1 /* Build configuration list for PBXNativeTarget "gingerCatShareExtension" */;
			buildPhases = (
				A10000052F862934003682F1 /* Sources */,
				A10000032F862934003682F1 /* Frameworks */,
				A10000042F862934003682F1 /* Resources */,
			);
			buildRules = (
			);
			dependencies = (
			);
			fileSystemSynchronizedGroups = (
				A10000012F862934003682F1 /* gingerCatShareExtension */,
			);
			name = gingerCatShareExtension;
			packageProductDependencies = (
			);
			productName = gingerCatShareExtension;
			productReference = A10000022F862934003682F1 /* gingerCatShareExtension.appex */;
			productType = "com.apple.product-type.app-extension";
		};
		B10000062F862934003682F1 /* gingerCatLiveActivityWidget */ = {
			isa = PBXNativeTarget;
			buildConfigurationList = B10000072F862934003682F1 /* Build configuration list for PBXNativeTarget "gingerCatLiveActivityWidget" */;
			buildPhases = (
				B10000052F862934003682F1 /* Sources */,
				B10000032F862934003682F1 /* Frameworks */,
				B10000042F862934003682F1 /* Resources */,
			);
			buildRules = (
			);
			dependencies = (
			);
			fileSystemSynchronizedGroups = (
				B10000012F862934003682F1 /* gingerCatLiveActivityWidget */,
			);
			name = gingerCatLiveActivityWidget;
			packageProductDependencies = (
			);
			productName = gingerCatLiveActivityWidget;
			productReference = B10000022F862934003682F1 /* gingerCatLiveActivityWidget.appex */;
			productType = "com.apple.product-type.app-extension";
		};
/* End PBXNativeTarget section */

/* Begin PBXProject section */
		273233EF2F862932003682F1 /* Project object */ = {
			isa = PBXProject;
			attributes = {
				BuildIndependentTargetsInParallel = 1;
				LastSwiftUpdateCheck = 2640;
				LastUpgradeCheck = 2640;
				TargetAttributes = {
					273233F62F862932003682F1 = {
						CreatedOnToolsVersion = 26.4;
					};
					273234052F862934003682F1 = {
						CreatedOnToolsVersion = 26.4;
						TestTargetID = 273233F62F862932003682F1;
					};
					2732340F2F862934003682F1 = {
						CreatedOnToolsVersion = 26.4;
						TestTargetID = 273233F62F862932003682F1;
					};
					A10000062F862934003682F1 = {
						CreatedOnToolsVersion = 26.4;
					};
					B10000062F862934003682F1 = {
						CreatedOnToolsVersion = 26.4;
					};
				};
			};
			buildConfigurationList = 273233F22F862932003682F1 /* Build configuration list for PBXProject "gingerCat" */;
			developmentRegion = en;
			hasScannedForEncodings = 0;
			knownRegions = (
				en,
				Base,
			);
			mainGroup = 273233EE2F862932003682F1;
			minimizedProjectReferenceProxies = 1;
			preferredProjectObjectVersion = 77;
			productRefGroup = 273233F82F862932003682F1 /* Products */;
			projectDirPath = "";
			projectRoot = "";
			targets = (
				273233F62F862932003682F1 /* gingerCat */,
				273234052F862934003682F1 /* gingerCatTests */,
				2732340F2F862934003682F1 /* gingerCatUITests */,
				A10000062F862934003682F1 /* gingerCatShareExtension */,
				B10000062F862934003682F1 /* gingerCatLiveActivityWidget */,
			);
		};
/* End PBXProject section */

/* Begin PBXResourcesBuildPhase section */
		273233F52F862932003682F1 /* Resources */ = {
			isa = PBXResourcesBuildPhase;
			buildActionMask = 2147483647;
			files = (
			);
			runOnlyForDeploymentPostprocessing = 0;
		};
		273234042F862934003682F1 /* Resources */ = {
			isa = PBXResourcesBuildPhase;
			buildActionMask = 2147483647;
			files = (
			);
			runOnlyForDeploymentPostprocessing = 0;
		};
		2732340E2F862934003682F1 /* Resources */ = {
			isa = PBXResourcesBuildPhase;
			buildActionMask = 2147483647;
			files = (
			);
			runOnlyForDeploymentPostprocessing = 0;
		};
		A10000042F862934003682F1 /* Resources */ = {
			isa = PBXResourcesBuildPhase;
			buildActionMask = 2147483647;
			files = (
			);
			runOnlyForDeploymentPostprocessing = 0;
		};
		B10000042F862934003682F1 /* Resources */ = {
			isa = PBXResourcesBuildPhase;
			buildActionMask = 2147483647;
			files = (
			);
			runOnlyForDeploymentPostprocessing = 0;
		};
/* End PBXResourcesBuildPhase section */

/* Begin PBXSourcesBuildPhase section */
		273233F32F862932003682F1 /* Sources */ = {
			isa = PBXSourcesBuildPhase;
			buildActionMask = 2147483647;
			files = (
			);
			runOnlyForDeploymentPostprocessing = 0;
		};
		273234022F862934003682F1 /* Sources */ = {
			isa = PBXSourcesBuildPhase;
			buildActionMask = 2147483647;
			files = (
			);
			runOnlyForDeploymentPostprocessing = 0;
		};
		2732340C2F862934003682F1 /* Sources */ = {
			isa = PBXSourcesBuildPhase;
			buildActionMask = 2147483647;
			files = (
			);
			runOnlyForDeploymentPostprocessing = 0;
		};
		A10000052F862934003682F1 /* Sources */ = {
			isa = PBXSourcesBuildPhase;
			buildActionMask = 2147483647;
			files = (
			);
			runOnlyForDeploymentPostprocessing = 0;
		};
		B10000052F862934003682F1 /* Sources */ = {
			isa = PBXSourcesBuildPhase;
			buildActionMask = 2147483647;
			files = (
			);
			runOnlyForDeploymentPostprocessing = 0;
		};
/* End PBXSourcesBuildPhase section */

/* Begin PBXTargetDependency section */
		273234082F862934003682F1 /* PBXTargetDependency */ = {
			isa = PBXTargetDependency;
			target = 273233F62F862932003682F1 /* gingerCat */;
			targetProxy = 273234072F862934003682F1 /* PBXContainerItemProxy */;
		};
		273234122F862934003682F1 /* PBXTargetDependency */ = {
			isa = PBXTargetDependency;
			target = 273233F62F862932003682F1 /* gingerCat */;
			targetProxy = 273234112F862934003682F1 /* PBXContainerItemProxy */;
		};
		A100000B2F862934003682F1 /* PBXTargetDependency */ = {
			isa = PBXTargetDependency;
			target = A10000062F862934003682F1 /* gingerCatShareExtension */;
			targetProxy = A100000A2F862934003682F1 /* PBXContainerItemProxy */;
		};
		B100000B2F862934003682F1 /* PBXTargetDependency */ = {
			isa = PBXTargetDependency;
			target = B10000062F862934003682F1 /* gingerCatLiveActivityWidget */;
			targetProxy = B100000A2F862934003682F1 /* PBXContainerItemProxy */;
		};
/* End PBXTargetDependency section */

/* Begin XCBuildConfiguration section */
		273234182F862934003682F1 /* Debug */ = {
			isa = XCBuildConfiguration;
			buildSettings = {
				ALWAYS_SEARCH_USER_PATHS = NO;
				ASSETCATALOG_COMPILER_GENERATE_SWIFT_ASSET_SYMBOL_EXTENSIONS = YES;
				CLANG_ANALYZER_NONNULL = YES;
				CLANG_ANALYZER_NUMBER_OBJECT_CONVERSION = YES_AGGRESSIVE;
				CLANG_CXX_LANGUAGE_STANDARD = "gnu++20";
				CLANG_ENABLE_MODULES = YES;
				CLANG_ENABLE_OBJC_ARC = YES;
				CLANG_ENABLE_OBJC_WEAK = YES;
				CLANG_WARN_BLOCK_CAPTURE_AUTORELEASING = YES;
				CLANG_WARN_BOOL_CONVERSION = YES;
				CLANG_WARN_COMMA = YES;
				CLANG_WARN_CONSTANT_CONVERSION = YES;
				CLANG_WARN_DEPRECATED_OBJC_IMPLEMENTATIONS = YES;
				CLANG_WARN_DIRECT_OBJC_ISA_USAGE = YES_ERROR;
				CLANG_WARN_DOCUMENTATION_COMMENTS = YES;
				CLANG_WARN_EMPTY_BODY = YES;
				CLANG_WARN_ENUM_CONVERSION = YES;
				CLANG_WARN_INFINITE_RECURSION = YES;
				CLANG_WARN_INT_CONVERSION = YES;
				CLANG_WARN_NON_LITERAL_NULL_CONVERSION = YES;
				CLANG_WARN_OBJC_IMPLICIT_RETAIN_SELF = YES;
				CLANG_WARN_OBJC_LITERAL_CONVERSION = YES;
				CLANG_WARN_OBJC_ROOT_CLASS = YES_ERROR;
				CLANG_WARN_QUOTED_INCLUDE_IN_FRAMEWORK_HEADER = YES;
				CLANG_WARN_RANGE_LOOP_ANALYSIS = YES;
				CLANG_WARN_STRICT_PROTOTYPES = YES;
				CLANG_WARN_SUSPICIOUS_MOVE = YES;
				CLANG_WARN_UNGUARDED_AVAILABILITY = YES_AGGRESSIVE;
				CLANG_WARN_UNREACHABLE_CODE = YES;
				CLANG_WARN__DUPLICATE_METHOD_MATCH = YES;
				COPY_PHASE_STRIP = NO;
				DEBUG_INFORMATION_FORMAT = dwarf;
				DEVELOPMENT_TEAM = J5279V64S7;
				ENABLE_STRICT_OBJC_MSGSEND = YES;
				ENABLE_TESTABILITY = YES;
				ENABLE_USER_SCRIPT_SANDBOXING = YES;
				GCC_C_LANGUAGE_STANDARD = gnu17;
				GCC_DYNAMIC_NO_PIC = NO;
				GCC_NO_COMMON_BLOCKS = YES;
				GCC_OPTIMIZATION_LEVEL = 0;
				GCC_PREPROCESSOR_DEFINITIONS = (
					"DEBUG=1",
					"$(inherited)",
				);
				GCC_WARN_64_TO_32_BIT_CONVERSION = YES;
				GCC_WARN_ABOUT_RETURN_TYPE = YES_ERROR;
				GCC_WARN_UNDECLARED_SELECTOR = YES;
				GCC_WARN_UNINITIALIZED_AUTOS = YES_AGGRESSIVE;
				GCC_WARN_UNUSED_FUNCTION = YES;
				GCC_WARN_UNUSED_VARIABLE = YES;
				IPHONEOS_DEPLOYMENT_TARGET = 26.4;
				LOCALIZATION_PREFERS_STRING_CATALOGS = YES;
				MTL_ENABLE_DEBUG_INFO = INCLUDE_SOURCE;
				MTL_FAST_MATH = YES;
				ONLY_ACTIVE_ARCH = YES;
				SDKROOT = iphoneos;
				SWIFT_ACTIVE_COMPILATION_CONDITIONS = "DEBUG $(inherited)";
				SWIFT_OPTIMIZATION_LEVEL = "-Onone";
			};
			name = Debug;
		};
		273234192F862934003682F1 /* Release */ = {
			isa = XCBuildConfiguration;
			buildSettings = {
				ALWAYS_SEARCH_USER_PATHS = NO;
				ASSETCATALOG_COMPILER_GENERATE_SWIFT_ASSET_SYMBOL_EXTENSIONS = YES;
				CLANG_ANALYZER_NONNULL = YES;
				CLANG_ANALYZER_NUMBER_OBJECT_CONVERSION = YES_AGGRESSIVE;
				CLANG_CXX_LANGUAGE_STANDARD = "gnu++20";
				CLANG_ENABLE_MODULES = YES;
				CLANG_ENABLE_OBJC_ARC = YES;
				CLANG_ENABLE_OBJC_WEAK = YES;
				CLANG_WARN_BLOCK_CAPTURE_AUTORELEASING = YES;
				CLANG_WARN_BOOL_CONVERSION = YES;
				CLANG_WARN_COMMA = YES;
				CLANG_WARN_CONSTANT_CONVERSION = YES;
				CLANG_WARN_DEPRECATED_OBJC_IMPLEMENTATIONS = YES;
				CLANG_WARN_DIRECT_OBJC_ISA_USAGE = YES_ERROR;
				CLANG_WARN_DOCUMENTATION_COMMENTS = YES;
				CLANG_WARN_EMPTY_BODY = YES;
				CLANG_WARN_ENUM_CONVERSION = YES;
				CLANG_WARN_INFINITE_RECURSION = YES;
				CLANG_WARN_INT_CONVERSION = YES;
				CLANG_WARN_NON_LITERAL_NULL_CONVERSION = YES;
				CLANG_WARN_OBJC_IMPLICIT_RETAIN_SELF = YES;
				CLANG_WARN_OBJC_LITERAL_CONVERSION = YES;
				CLANG_WARN_OBJC_ROOT_CLASS = YES_ERROR;
				CLANG_WARN_QUOTED_INCLUDE_IN_FRAMEWORK_HEADER = YES;
				CLANG_WARN_RANGE_LOOP_ANALYSIS = YES;
				CLANG_WARN_STRICT_PROTOTYPES = YES;
				CLANG_WARN_SUSPICIOUS_MOVE = YES;
				CLANG_WARN_UNGUARDED_AVAILABILITY = YES_AGGRESSIVE;
				CLANG_WARN_UNREACHABLE_CODE = YES;
				CLANG_WARN__DUPLICATE_METHOD_MATCH = YES;
				COPY_PHASE_STRIP = NO;
				DEBUG_INFORMATION_FORMAT = "dwarf-with-dsym";
				DEVELOPMENT_TEAM = J5279V64S7;
				ENABLE_NS_ASSERTIONS = NO;
				ENABLE_STRICT_OBJC_MSGSEND = YES;
				ENABLE_USER_SCRIPT_SANDBOXING = YES;
				GCC_C_LANGUAGE_STANDARD = gnu17;
				GCC_NO_COMMON_BLOCKS = YES;
				GCC_WARN_64_TO_32_BIT_CONVERSION = YES;
				GCC_WARN_ABOUT_RETURN_TYPE = YES_ERROR;
				GCC_WARN_UNDECLARED_SELECTOR = YES;
				GCC_WARN_UNINITIALIZED_AUTOS = YES_AGGRESSIVE;
				GCC_WARN_UNUSED_FUNCTION = YES;
				GCC_WARN_UNUSED_VARIABLE = YES;
				IPHONEOS_DEPLOYMENT_TARGET = 26.4;
				LOCALIZATION_PREFERS_STRING_CATALOGS = YES;
				MTL_ENABLE_DEBUG_INFO = NO;
				MTL_FAST_MATH = YES;
				SDKROOT = iphoneos;
				SWIFT_COMPILATION_MODE = wholemodule;
				VALIDATE_PRODUCT = YES;
			};
			name = Release;
		};
		2732341B2F862934003682F1 /* Debug */ = {
			isa = XCBuildConfiguration;
			buildSettings = {
				ASSETCATALOG_COMPILER_APPICON_NAME = AppIcon;
				ASSETCATALOG_COMPILER_GLOBAL_ACCENT_COLOR_NAME = AccentColor;
				CODE_SIGN_ENTITLEMENTS = gingerCat/gingerCat.entitlements;
				CODE_SIGN_STYLE = Automatic;
				CURRENT_PROJECT_VERSION = 1;
				DEVELOPMENT_TEAM = J5279V64S7;
				ENABLE_PREVIEWS = YES;
				GENERATE_INFOPLIST_FILE = NO;
				INFOPLIST_FILE = "Config/gingerCat-Info.plist";
				LD_RUNPATH_SEARCH_PATHS = (
					"$(inherited)",
					"@executable_path/Frameworks",
				);
				MARKETING_VERSION = 1.0;
				PRODUCT_BUNDLE_IDENTIFIER = com.siyufang.LivePhotoMakerUniversal.gingerCat;
				PRODUCT_NAME = "$(TARGET_NAME)";
				STRING_CATALOG_GENERATE_SYMBOLS = YES;
				SWIFT_APPROACHABLE_CONCURRENCY = YES;
				SWIFT_DEFAULT_ACTOR_ISOLATION = MainActor;
				SWIFT_EMIT_LOC_STRINGS = YES;
				SWIFT_UPCOMING_FEATURE_MEMBER_IMPORT_VISIBILITY = YES;
				SWIFT_VERSION = 5.0;
				TARGETED_DEVICE_FAMILY = "1,2";
			};
			name = Debug;
		};
		2732341C2F862934003682F1 /* Release */ = {
			isa = XCBuildConfiguration;
			buildSettings = {
				ASSETCATALOG_COMPILER_APPICON_NAME = AppIcon;
				ASSETCATALOG_COMPILER_GLOBAL_ACCENT_COLOR_NAME = AccentColor;
				CODE_SIGN_ENTITLEMENTS = gingerCat/gingerCat.entitlements;
				CODE_SIGN_STYLE = Automatic;
				CURRENT_PROJECT_VERSION = 1;
				DEVELOPMENT_TEAM = J5279V64S7;
				ENABLE_PREVIEWS = YES;
				GENERATE_INFOPLIST_FILE = NO;
				INFOPLIST_FILE = "Config/gingerCat-Info.plist";
				LD_RUNPATH_SEARCH_PATHS = (
					"$(inherited)",
					"@executable_path/Frameworks",
				);
				MARKETING_VERSION = 1.0;
				PRODUCT_BUNDLE_IDENTIFIER = com.siyufang.LivePhotoMakerUniversal.gingerCat;
				PRODUCT_NAME = "$(TARGET_NAME)";
				STRING_CATALOG_GENERATE_SYMBOLS = YES;
				SWIFT_APPROACHABLE_CONCURRENCY = YES;
				SWIFT_DEFAULT_ACTOR_ISOLATION = MainActor;
				SWIFT_EMIT_LOC_STRINGS = YES;
				SWIFT_UPCOMING_FEATURE_MEMBER_IMPORT_VISIBILITY = YES;
				SWIFT_VERSION = 5.0;
				TARGETED_DEVICE_FAMILY = "1,2";
			};
			name = Release;
		};
		2732341E2F862934003682F1 /* Debug */ = {
			isa = XCBuildConfiguration;
			buildSettings = {
				BUNDLE_LOADER = "$(TEST_HOST)";
				CODE_SIGN_STYLE = Automatic;
				CURRENT_PROJECT_VERSION = 1;
				DEVELOPMENT_TEAM = J5279V64S7;
				GENERATE_INFOPLIST_FILE = YES;
				IPHONEOS_DEPLOYMENT_TARGET = 26.4;
				MARKETING_VERSION = 1.0;
				PRODUCT_BUNDLE_IDENTIFIER = com.siyufang.LivePhotoMakerUniversal.gingerCatTests;
				PRODUCT_NAME = "$(TARGET_NAME)";
				STRING_CATALOG_GENERATE_SYMBOLS = NO;
				SWIFT_APPROACHABLE_CONCURRENCY = YES;
				SWIFT_EMIT_LOC_STRINGS = NO;
				SWIFT_UPCOMING_FEATURE_MEMBER_IMPORT_VISIBILITY = YES;
				SWIFT_VERSION = 5.0;
				TARGETED_DEVICE_FAMILY = "1,2";
				TEST_HOST = "$(BUILT_PRODUCTS_DIR)/gingerCat.app/$(BUNDLE_EXECUTABLE_FOLDER_PATH)/gingerCat";
			};
			name = Debug;
		};
		2732341F2F862934003682F1 /* Release */ = {
			isa = XCBuildConfiguration;
			buildSettings = {
				BUNDLE_LOADER = "$(TEST_HOST)";
				CODE_SIGN_STYLE = Automatic;
				CURRENT_PROJECT_VERSION = 1;
				DEVELOPMENT_TEAM = J5279V64S7;
				GENERATE_INFOPLIST_FILE = YES;
				IPHONEOS_DEPLOYMENT_TARGET = 26.4;
				MARKETING_VERSION = 1.0;
				PRODUCT_BUNDLE_IDENTIFIER = com.siyufang.LivePhotoMakerUniversal.gingerCatTests;
				PRODUCT_NAME = "$(TARGET_NAME)";
				STRING_CATALOG_GENERATE_SYMBOLS = NO;
				SWIFT_APPROACHABLE_CONCURRENCY = YES;
				SWIFT_EMIT_LOC_STRINGS = NO;
				SWIFT_UPCOMING_FEATURE_MEMBER_IMPORT_VISIBILITY = YES;
				SWIFT_VERSION = 5.0;
				TARGETED_DEVICE_FAMILY = "1,2";
				TEST_HOST = "$(BUILT_PRODUCTS_DIR)/gingerCat.app/$(BUNDLE_EXECUTABLE_FOLDER_PATH)/gingerCat";
			};
			name = Release;
		};
		273234212F862934003682F1 /* Debug */ = {
			isa = XCBuildConfiguration;
			buildSettings = {
				CODE_SIGN_STYLE = Automatic;
				CURRENT_PROJECT_VERSION = 1;
				DEVELOPMENT_TEAM = J5279V64S7;
				GENERATE_INFOPLIST_FILE = YES;
				MARKETING_VERSION = 1.0;
				PRODUCT_BUNDLE_IDENTIFIER = com.siyufang.LivePhotoMakerUniversal.gingerCatUITests;
				PRODUCT_NAME = "$(TARGET_NAME)";
				STRING_CATALOG_GENERATE_SYMBOLS = NO;
				SWIFT_APPROACHABLE_CONCURRENCY = YES;
				SWIFT_EMIT_LOC_STRINGS = NO;
				SWIFT_UPCOMING_FEATURE_MEMBER_IMPORT_VISIBILITY = YES;
				SWIFT_VERSION = 5.0;
				TARGETED_DEVICE_FAMILY = "1,2";
				TEST_TARGET_NAME = gingerCat;
			};
			name = Debug;
		};
		273234222F862934003682F1 /* Release */ = {
			isa = XCBuildConfiguration;
			buildSettings = {
				CODE_SIGN_STYLE = Automatic;
				CURRENT_PROJECT_VERSION = 1;
				DEVELOPMENT_TEAM = J5279V64S7;
				GENERATE_INFOPLIST_FILE = YES;
				MARKETING_VERSION = 1.0;
				PRODUCT_BUNDLE_IDENTIFIER = com.siyufang.LivePhotoMakerUniversal.gingerCatUITests;
				PRODUCT_NAME = "$(TARGET_NAME)";
				STRING_CATALOG_GENERATE_SYMBOLS = NO;
				SWIFT_APPROACHABLE_CONCURRENCY = YES;
				SWIFT_EMIT_LOC_STRINGS = NO;
				SWIFT_UPCOMING_FEATURE_MEMBER_IMPORT_VISIBILITY = YES;
				SWIFT_VERSION = 5.0;
				TARGETED_DEVICE_FAMILY = "1,2";
				TEST_TARGET_NAME = gingerCat;
			};
			name = Release;
		};
		A10000082F862934003682F1 /* Debug */ = {
			isa = XCBuildConfiguration;
			buildSettings = {
				APPLICATION_EXTENSION_API_ONLY = YES;
				CODE_SIGN_ENTITLEMENTS = gingerCatShareExtension/gingerCatShareExtension.entitlements;
				CODE_SIGN_STYLE = Automatic;
				CURRENT_PROJECT_VERSION = 1;
				DEVELOPMENT_TEAM = J5279V64S7;
				GENERATE_INFOPLIST_FILE = NO;
				INFOPLIST_FILE = "Config/gingerCatShareExtension-Info.plist";
				IPHONEOS_DEPLOYMENT_TARGET = 26.4;
				LD_RUNPATH_SEARCH_PATHS = (
					"$(inherited)",
					"@executable_path/Frameworks",
					"@executable_path/../../Frameworks",
				);
				MARKETING_VERSION = 1.0;
				PRODUCT_BUNDLE_IDENTIFIER = com.siyufang.LivePhotoMakerUniversal.gingerCat.ShareExtension;
				PRODUCT_NAME = "$(TARGET_NAME)";
				SKIP_INSTALL = YES;
				STRING_CATALOG_GENERATE_SYMBOLS = NO;
				SWIFT_APPROACHABLE_CONCURRENCY = YES;
				SWIFT_EMIT_LOC_STRINGS = NO;
				SWIFT_UPCOMING_FEATURE_MEMBER_IMPORT_VISIBILITY = YES;
				SWIFT_VERSION = 5.0;
				TARGETED_DEVICE_FAMILY = "1,2";
			};
			name = Debug;
		};
		A10000092F862934003682F1 /* Release */ = {
			isa = XCBuildConfiguration;
			buildSettings = {
				APPLICATION_EXTENSION_API_ONLY = YES;
				CODE_SIGN_ENTITLEMENTS = gingerCatShareExtension/gingerCatShareExtension.entitlements;
				CODE_SIGN_STYLE = Automatic;
				CURRENT_PROJECT_VERSION = 1;
				DEVELOPMENT_TEAM = J5279V64S7;
				GENERATE_INFOPLIST_FILE = NO;
				INFOPLIST_FILE = "Config/gingerCatShareExtension-Info.plist";
				IPHONEOS_DEPLOYMENT_TARGET = 26.4;
				LD_RUNPATH_SEARCH_PATHS = (
					"$(inherited)",
					"@executable_path/Frameworks",
					"@executable_path/../../Frameworks",
				);
				MARKETING_VERSION = 1.0;
				PRODUCT_BUNDLE_IDENTIFIER = com.siyufang.LivePhotoMakerUniversal.gingerCat.ShareExtension;
				PRODUCT_NAME = "$(TARGET_NAME)";
				SKIP_INSTALL = YES;
				STRING_CATALOG_GENERATE_SYMBOLS = NO;
				SWIFT_APPROACHABLE_CONCURRENCY = YES;
				SWIFT_EMIT_LOC_STRINGS = NO;
				SWIFT_UPCOMING_FEATURE_MEMBER_IMPORT_VISIBILITY = YES;
				SWIFT_VERSION = 5.0;
				TARGETED_DEVICE_FAMILY = "1,2";
			};
			name = Release;
		};
		B10000082F862934003682F1 /* Debug */ = {
			isa = XCBuildConfiguration;
			buildSettings = {
				APPLICATION_EXTENSION_API_ONLY = YES;
				CODE_SIGN_ENTITLEMENTS = gingerCatLiveActivityWidget/gingerCatLiveActivityWidget.entitlements;
				CODE_SIGN_STYLE = Automatic;
				CURRENT_PROJECT_VERSION = 1;
				DEVELOPMENT_TEAM = J5279V64S7;
				GENERATE_INFOPLIST_FILE = NO;
				INFOPLIST_FILE = "Config/gingerCatLiveActivityWidget-Info.plist";
				IPHONEOS_DEPLOYMENT_TARGET = 26.4;
				LD_RUNPATH_SEARCH_PATHS = (
					"$(inherited)",
					"@executable_path/Frameworks",
					"@executable_path/../../Frameworks",
				);
				MARKETING_VERSION = 1.0;
				PRODUCT_BUNDLE_IDENTIFIER = com.siyufang.LivePhotoMakerUniversal.gingerCat.LiveActivityWidget;
				PRODUCT_NAME = "$(TARGET_NAME)";
				SKIP_INSTALL = YES;
				STRING_CATALOG_GENERATE_SYMBOLS = NO;
				SWIFT_APPROACHABLE_CONCURRENCY = YES;
				SWIFT_EMIT_LOC_STRINGS = NO;
				SWIFT_UPCOMING_FEATURE_MEMBER_IMPORT_VISIBILITY = YES;
				SWIFT_VERSION = 5.0;
				TARGETED_DEVICE_FAMILY = 1;
			};
			name = Debug;
		};
		B10000092F862934003682F1 /* Release */ = {
			isa = XCBuildConfiguration;
			buildSettings = {
				APPLICATION_EXTENSION_API_ONLY = YES;
				CODE_SIGN_ENTITLEMENTS = gingerCatLiveActivityWidget/gingerCatLiveActivityWidget.entitlements;
				CODE_SIGN_STYLE = Automatic;
				CURRENT_PROJECT_VERSION = 1;
				DEVELOPMENT_TEAM = J5279V64S7;
				GENERATE_INFOPLIST_FILE = NO;
				INFOPLIST_FILE = "Config/gingerCatLiveActivityWidget-Info.plist";
				IPHONEOS_DEPLOYMENT_TARGET = 26.4;
				LD_RUNPATH_SEARCH_PATHS = (
					"$(inherited)",
					"@executable_path/Frameworks",
					"@executable_path/../../Frameworks",
				);
				MARKETING_VERSION = 1.0;
				PRODUCT_BUNDLE_IDENTIFIER = com.siyufang.LivePhotoMakerUniversal.gingerCat.LiveActivityWidget;
				PRODUCT_NAME = "$(TARGET_NAME)";
				SKIP_INSTALL = YES;
				STRING_CATALOG_GENERATE_SYMBOLS = NO;
				SWIFT_APPROACHABLE_CONCURRENCY = YES;
				SWIFT_EMIT_LOC_STRINGS = NO;
				SWIFT_UPCOMING_FEATURE_MEMBER_IMPORT_VISIBILITY = YES;
				SWIFT_VERSION = 5.0;
				TARGETED_DEVICE_FAMILY = 1;
			};
			name = Release;
		};
/* End XCBuildConfiguration section */

/* Begin XCConfigurationList section */
		273233F22F862932003682F1 /* Build configuration list for PBXProject "gingerCat" */ = {
			isa = XCConfigurationList;
			buildConfigurations = (
				273234182F862934003682F1 /* Debug */,
				273234192F862934003682F1 /* Release */,
			);
			defaultConfigurationIsVisible = 0;
			defaultConfigurationName = Release;
		};
		2732341A2F862934003682F1 /* Build configuration list for PBXNativeTarget "gingerCat" */ = {
			isa = XCConfigurationList;
			buildConfigurations = (
				2732341B2F862934003682F1 /* Debug */,
				2732341C2F862934003682F1 /* Release */,
			);
			defaultConfigurationIsVisible = 0;
			defaultConfigurationName = Release;
		};
		2732341D2F862934003682F1 /* Build configuration list for PBXNativeTarget "gingerCatTests" */ = {
			isa = XCConfigurationList;
			buildConfigurations = (
				2732341E2F862934003682F1 /* Debug */,
				2732341F2F862934003682F1 /* Release */,
			);
			defaultConfigurationIsVisible = 0;
			defaultConfigurationName = Release;
		};
		273234202F862934003682F1 /* Build configuration list for PBXNativeTarget "gingerCatUITests" */ = {
			isa = XCConfigurationList;
			buildConfigurations = (
				273234212F862934003682F1 /* Debug */,
				273234222F862934003682F1 /* Release */,
			);
			defaultConfigurationIsVisible = 0;
			defaultConfigurationName = Release;
		};
		A10000072F862934003682F1 /* Build configuration list for PBXNativeTarget "gingerCatShareExtension" */ = {
			isa = XCConfigurationList;
			buildConfigurations = (
				A10000082F862934003682F1 /* Debug */,
				A10000092F862934003682F1 /* Release */,
			);
			defaultConfigurationIsVisible = 0;
			defaultConfigurationName = Release;
		};
		B10000072F862934003682F1 /* Build configuration list for PBXNativeTarget "gingerCatLiveActivityWidget" */ = {
			isa = XCConfigurationList;
			buildConfigurations = (
				B10000082F862934003682F1 /* Debug */,
				B10000092F862934003682F1 /* Release */,
			);
			defaultConfigurationIsVisible = 0;
			defaultConfigurationName = Release;
		};
/* End XCConfigurationList section */
	};
	rootObject = 273233EF2F862932003682F1 /* Project object */;
}
